
Microsoft Visual Studio Solution File, Format Version 12.00
# Visual Studio Version 16
VisualStudioVersion = 16.0.30011.22
MinimumVisualStudioVersion = 10.0.40219.1
Project("{8BC9CEB8-8B4A-11D0-8D11-00A0C91BC942}") = "Euler19", "Euler19\Euler19.vcxproj", "{65C2141C-6037-461B-A0CD-0693E8B73E3C}"
EndProject
Global
	GlobalSection(SolutionConfigurationPlatforms) = preSolution
		Debug|x64 = Debug|x64
		Debug|x86 = Debug|x86
		Release|x64 = Release|x64
		Release|x86 = Release|x86
	EndGlobalSection
	GlobalSection(ProjectConfigurationPlatforms) = postSolution
		{65C2141C-6037-461B-A0CD-0693E8B73E3C}.Debug|x64.ActiveCfg = Debug|x64
		{65C2141C-6037-461B-A0CD-0693E8B73E3C}.Debug|x64.Build.0 = Debug|x64
		{65C2141C-6037-461B-A0CD-0693E8B73E3C}.Debug|x86.ActiveCfg = Debug|Win32
		{65C2141C-6037-461B-A0CD-0693E8B73E3C}.Debug|x86.Build.0 = Debug|Win32
		{65C2141C-6037-461B-A0CD-0693E8B73E3C}.Release|x64.ActiveCfg = Release|x64
		{65C2141C-6037-461B-A0CD-0693E8B73E3C}.Release|x64.Build.0 = Release|x64
		{65C2141C-6037-461B-A0CD-0693E8B73E3C}.Release|x86.ActiveCfg = Release|Win32
		{65C2141C-6037-461B-A0CD-0693E8B73E3C}.Release|x86.Build.0 = Release|Win32
	EndGlobalSection
	GlobalSection(SolutionProperties) = preSolution
		HideSolutionNode = FALSE
	EndGlobalSection
	GlobalSection(ExtensibilityGlobals) = postSolution
		SolutionGuid = {CC6526AC-9A21-4297-BEE0-9DB76DD907A2}
	EndGlobalSection
EndGlobal
